
Microsoft Visual Studio Solution File, Format Version 12.00
# Visual Studio 15
VisualStudioVersion = 15.0.28307.1062
MinimumVisualStudioVersion = 10.0.40219.1
Project("{8BC9CEB8-8B4A-11D0-8D11-00A0C91BC942}") = "Primes in numbers", "Primes in numbers\Primes in numbers.vcxproj", "{3841C2F2-D6C5-4B76-B720-64942A27D83D}"
EndProject
Global
	GlobalSection(SolutionConfigurationPlatforms) = preSolution
		Debug|x64 = Debug|x64
		Debug|x86 = Debug|x86
		Release|x64 = Release|x64
		Release|x86 = Release|x86
	EndGlobalSection
	GlobalSection(ProjectConfigurationPlatforms) = postSolution
		{3841C2F2-D6C5-4B76-B720-64942A27D83D}.Debug|x64.ActiveCfg = Debug|x64
		{3841C2F2-D6C5-4B76-B720-64942A27D83D}.Debug|x64.Build.0 = Debug|x64
		{3841C2F2-D6C5-4B76-B720-64942A27D83D}.Debug|x86.ActiveCfg = Debug|Win32
		{3841C2F2-D6C5-4B76-B720-64942A27D83D}.Debug|x86.Build.0 = Debug|Win32
		{3841C2F2-D6C5-4B76-B720-64942A27D83D}.Release|x64.ActiveCfg = Release|x64
		{3841C2F2-D6C5-4B76-B720-64942A27D83D}.Release|x64.Build.0 = Release|x64
		{3841C2F2-D6C5-4B76-B720-64942A27D83D}.Release|x86.ActiveCfg = Release|Win32
		{3841C2F2-D6C5-4B76-B720-64942A27D83D}.Release|x86.Build.0 = Release|Win32
	EndGlobalSection
	GlobalSection(SolutionProperties) = preSolution
		HideSolutionNode = FALSE
	EndGlobalSection
	GlobalSection(ExtensibilityGlobals) = postSolution
		SolutionGuid = {99D12C21-986D-445A-9A1A-75D325F144C4}
	EndGlobalSection
EndGlobal
