
Microsoft Visual Studio Solution File, Format Version 12.00
# Visual Studio 15
VisualStudioVersion = 15.0.28307.1062
MinimumVisualStudioVersion = 10.0.40219.1
Project("{8BC9CEB8-8B4A-11D0-8D11-00A0C91BC942}") = "Maximum Multiple", "Maximum Multiple\Maximum Multiple.vcxproj", "{0A46BF15-D338-4574-9479-E00D2A85AEA6}"
EndProject
Global
	GlobalSection(SolutionConfigurationPlatforms) = preSolution
		Debug|x64 = Debug|x64
		Debug|x86 = Debug|x86
		Release|x64 = Release|x64
		Release|x86 = Release|x86
	EndGlobalSection
	GlobalSection(ProjectConfigurationPlatforms) = postSolution
		{0A46BF15-D338-4574-9479-E00D2A85AEA6}.Debug|x64.ActiveCfg = Debug|x64
		{0A46BF15-D338-4574-9479-E00D2A85AEA6}.Debug|x64.Build.0 = Debug|x64
		{0A46BF15-D338-4574-9479-E00D2A85AEA6}.Debug|x86.ActiveCfg = Debug|Win32
		{0A46BF15-D338-4574-9479-E00D2A85AEA6}.Debug|x86.Build.0 = Debug|Win32
		{0A46BF15-D338-4574-9479-E00D2A85AEA6}.Release|x64.ActiveCfg = Release|x64
		{0A46BF15-D338-4574-9479-E00D2A85AEA6}.Release|x64.Build.0 = Release|x64
		{0A46BF15-D338-4574-9479-E00D2A85AEA6}.Release|x86.ActiveCfg = Release|Win32
		{0A46BF15-D338-4574-9479-E00D2A85AEA6}.Release|x86.Build.0 = Release|Win32
	EndGlobalSection
	GlobalSection(SolutionProperties) = preSolution
		HideSolutionNode = FALSE
	EndGlobalSection
	GlobalSection(ExtensibilityGlobals) = postSolution
		SolutionGuid = {97CB607A-6B4D-4516-95FA-A2519234FBC1}
	EndGlobalSection
EndGlobal
